// !$*UTF8*$!
{
	archiveVersion = 1;
	classes = {
	};
	objectVersion = 56;
	objects = {

/* Begin PBXBuildFile section */
		6D6495792B1C0BF9004CA4B7 /* Board.swift in Sources */ = {isa = PBXBuildFile; fileRef = 6D6495782B1C0BF9004CA4B7 /* Board.swift */; };
		6D64957B2B1C0C64004CA4B7 /* Side.swift in Sources */ = {isa = PBXBuildFile; fileRef = 6D64957A2B1C0C64004CA4B7 /* Side.swift */; };
		F1A2E5C12B1BDB7600D72AF6 /* _048_2_0App.swift in Sources */ = {isa = PBXBuildFile; fileRef = F1A2E5C02B1BDB7600D72AF6 /* _048_2_0App.swift */; };
		F1A2E5C32B1BDB7600D72AF6 /* ContentView.swift in Sources */ = {isa = PBXBuildFile; fileRef = F1A2E5C22B1BDB7600D72AF6 /* ContentView.swift */; };
		F1A2E5C52B1BDB7800D72AF6 /* Assets.xcassets in Resources */ = {isa = PBXBuildFile; fileRef = F1A2E5C42B1BDB7800D72AF6 /* Assets.xcassets */; };
		F1A2E5C82B1BDB7800D72AF6 /* Preview Assets.xcassets in Resources */ = {isa = PBXBuildFile; fileRef = F1A2E5C72B1BDB7800D72AF6 /* Preview Assets.xcassets */; };
		F1A2E5D22B1BDB7800D72AF6 /* _048_2_0Tests.swift in Sources */ = {isa = PBXBuildFile; fileRef = F1A2E5D12B1BDB7800D72AF6 /* _048_2_0Tests.swift */; };
		F1A2E5DC2B1BDB7800D72AF6 /* _048_2_0UITests.swift in Sources */ = {isa = PBXBuildFile; fileRef = F1A2E5DB2B1BDB7800D72AF6 /* _048_2_0UITests.swift */; };
		F1A2E5DE2B1BDB7800D72AF6 /* _048_2_0UITestsLaunchTests.swift in Sources */ = {isa = PBXBuildFile; fileRef = F1A2E5DD2B1BDB7800D72AF6 /* _048_2_0UITestsLaunchTests.swift */; };
		F1A2E5ED2B1BDD8E00D72AF6 /* MainMenuView.swift in Sources */ = {isa = PBXBuildFile; fileRef = F1A2E5EC2B1BDD8E00D72AF6 /* MainMenuView.swift */; };
		F1A2E5EF2B1BDDB600D72AF6 /* GameView.swift in Sources */ = {isa = PBXBuildFile; fileRef = F1A2E5EE2B1BDDB600D72AF6 /* GameView.swift */; };
		F1A2E5F12B1BE67A00D72AF6 /* GameModel.swift in Sources */ = {isa = PBXBuildFile; fileRef = F1A2E5F02B1BE67A00D72AF6 /* GameModel.swift */; };
		F1A2E5F32B1BE6B500D72AF6 /* GameViewModel.swift in Sources */ = {isa = PBXBuildFile; fileRef = F1A2E5F22B1BE6B500D72AF6 /* GameViewModel.swift */; };
		F1A2E5F52B1BF86300D72AF6 /* Tile.swift in Sources */ = {isa = PBXBuildFile; fileRef = F1A2E5F42B1BF86200D72AF6 /* Tile.swift */; };
		F1C840C72B205BA40002D868 /* GameOverView.swift in Sources */ = {isa = PBXBuildFile; fileRef = F1C840C62B205BA40002D868 /* GameOverView.swift */; };
/* End PBXBuildFile section */

/* Begin PBXContainerItemProxy section */
		F1A2E5CE2B1BDB7800D72AF6 /* PBXContainerItemProxy */ = {
			isa = PBXContainerItemProxy;
			containerPortal = F1A2E5B52B1BDB7600D72AF6 /* Project object */;
			proxyType = 1;
			remoteGlobalIDString = F1A2E5BC2B1BDB7600D72AF6;
			remoteInfo = "2048 2.0";
		};
		F1A2E5D82B1BDB7800D72AF6 /* PBXContainerItemProxy */ = {
			isa = PBXContainerItemProxy;
			containerPortal = F1A2E5B52B1BDB7600D72AF6 /* Project object */;
			proxyType = 1;
			remoteGlobalIDString = F1A2E5BC2B1BDB7600D72AF6;
			remoteInfo = "2048 2.0";
		};
/* End PBXContainerItemProxy section */

/* Begin PBXFileReference section */
		6D6495782B1C0BF9004CA4B7 /* Board.swift */ = {isa = PBXFileReference; lastKnownFileType = sourcecode.swift; path = Board.swift; sourceTree = "<group>"; };
		6D64957A2B1C0C64004CA4B7 /* Side.swift */ = {isa = PBXFileReference; lastKnownFileType = sourcecode.swift; path = Side.swift; sourceTree = "<group>"; };
		F1A2E5BD2B1BDB7600D72AF6 /* 2048 2.0.app */ = {isa = PBXFileReference; explicitFileType = wrapper.application; includeInIndex = 0; path = "2048 2.0.app"; sourceTree = BUILT_PRODUCTS_DIR; };
		F1A2E5C02B1BDB7600D72AF6 /* _048_2_0App.swift */ = {isa = PBXFileReference; lastKnownFileType = sourcecode.swift; path = _048_2_0App.swift; sourceTree = "<group>"; };
		F1A2E5C22B1BDB7600D72AF6 /* ContentView.swift */ = {isa = PBXFileReference; lastKnownFileType = sourcecode.swift; path = ContentView.swift; sourceTree = "<group>"; tabWidth = 4; usesTabs = 0; };
		F1A2E5C42B1BDB7800D72AF6 /* Assets.xcassets */ = {isa = PBXFileReference; lastKnownFileType = folder.assetcatalog; path = Assets.xcassets; sourceTree = "<group>"; };
		F1A2E5C72B1BDB7800D72AF6 /* Preview Assets.xcassets */ = {isa = PBXFileReference; lastKnownFileType = folder.assetcatalog; path = "Preview Assets.xcassets"; sourceTree = "<group>"; };
		F1A2E5CD2B1BDB7800D72AF6 /* 2048 2.0Tests.xctest */ = {isa = PBXFileReference; explicitFileType = wrapper.cfbundle; includeInIndex = 0; path = "2048 2.0Tests.xctest"; sourceTree = BUILT_PRODUCTS_DIR; };
		F1A2E5D12B1BDB7800D72AF6 /* _048_2_0Tests.swift */ = {isa = PBXFileReference; lastKnownFileType = sourcecode.swift; path = _048_2_0Tests.swift; sourceTree = "<group>"; };
		F1A2E5D72B1BDB7800D72AF6 /* 2048 2.0UITests.xctest */ = {isa = PBXFileReference; explicitFileType = wrapper.cfbundle; includeInIndex = 0; path = "2048 2.0UITests.xctest"; sourceTree = BUILT_PRODUCTS_DIR; };
		F1A2E5DB2B1BDB7800D72AF6 /* _048_2_0UITests.swift */ = {isa = PBXFileReference; lastKnownFileType = sourcecode.swift; path = _048_2_0UITests.swift; sourceTree = "<group>"; };
		F1A2E5DD2B1BDB7800D72AF6 /* _048_2_0UITestsLaunchTests.swift */ = {isa = PBXFileReference; lastKnownFileType = sourcecode.swift; path = _048_2_0UITestsLaunchTests.swift; sourceTree = "<group>"; };
		F1A2E5EC2B1BDD8E00D72AF6 /* MainMenuView.swift */ = {isa = PBXFileReference; lastKnownFileType = sourcecode.swift; path = MainMenuView.swift; sourceTree = "<group>"; };
		F1A2E5EE2B1BDDB600D72AF6 /* GameView.swift */ = {isa = PBXFileReference; lastKnownFileType = sourcecode.swift; path = GameView.swift; sourceTree = "<group>"; };
		F1A2E5F02B1BE67A00D72AF6 /* GameModel.swift */ = {isa = PBXFileReference; lastKnownFileType = sourcecode.swift; path = GameModel.swift; sourceTree = "<group>"; };
		F1A2E5F22B1BE6B500D72AF6 /* GameViewModel.swift */ = {isa = PBXFileReference; lastKnownFileType = sourcecode.swift; path = GameViewModel.swift; sourceTree = "<group>"; };
		F1A2E5F42B1BF86200D72AF6 /* Tile.swift */ = {isa = PBXFileReference; lastKnownFileType = sourcecode.swift; path = Tile.swift; sourceTree = "<group>"; };
		F1C840C62B205BA40002D868 /* GameOverView.swift */ = {isa = PBXFileReference; lastKnownFileType = sourcecode.swift; path = GameOverView.swift; sourceTree = "<group>"; };
/* End PBXFileReference section */

/* Begin PBXFrameworksBuildPhase section */
		F1A2E5BA2B1BDB7600D72AF6 /* Frameworks */ = {
			isa = PBXFrameworksBuildPhase;
			buildActionMask = 2147483647;
			files = (
			);
			runOnlyForDeploymentPostprocessing = 0;
		};
		F1A2E5CA2B1BDB7800D72AF6 /* Frameworks */ = {
			isa = PBXFrameworksBuildPhase;
			buildActionMask = 2147483647;
			files = (
			);
			runOnlyForDeploymentPostprocessing = 0;
		};
		F1A2E5D42B1BDB7800D72AF6 /* Frameworks */ = {
			isa = PBXFrameworksBuildPhase;
			buildActionMask = 2147483647;
			files = (
			);
			runOnlyForDeploymentPostprocessing = 0;
		};
/* End PBXFrameworksBuildPhase section */

/* Begin PBXGroup section */
		F1A2E5B42B1BDB7600D72AF6 = {
			isa = PBXGroup;
			children = (
				F1A2E5BF2B1BDB7600D72AF6 /* 2048 2.0 */,
				F1A2E5D02B1BDB7800D72AF6 /* 2048 2.0Tests */,
				F1A2E5DA2B1BDB7800D72AF6 /* 2048 2.0UITests */,
				F1A2E5BE2B1BDB7600D72AF6 /* Products */,
			);
			sourceTree = "<group>";
		};
		F1A2E5BE2B1BDB7600D72AF6 /* Products */ = {
			isa = PBXGroup;
			children = (
				F1A2E5BD2B1BDB7600D72AF6 /* 2048 2.0.app */,
				F1A2E5CD2B1BDB7800D72AF6 /* 2048 2.0Tests.xctest */,
				F1A2E5D72B1BDB7800D72AF6 /* 2048 2.0UITests.xctest */,
			);
			name = Products;
			sourceTree = "<group>";
		};
		F1A2E5BF2B1BDB7600D72AF6 /* 2048 2.0 */ = {
			isa = PBXGroup;
			children = (
				F1A2E5C02B1BDB7600D72AF6 /* _048_2_0App.swift */,
				F1A2E5C22B1BDB7600D72AF6 /* ContentView.swift */,
				F1C840C62B205BA40002D868 /* GameOverView.swift */,
				F1A2E5F02B1BE67A00D72AF6 /* GameModel.swift */,
				6D6495782B1C0BF9004CA4B7 /* Board.swift */,
				6D64957A2B1C0C64004CA4B7 /* Side.swift */,
				F1A2E5F22B1BE6B500D72AF6 /* GameViewModel.swift */,
				F1A2E5EC2B1BDD8E00D72AF6 /* MainMenuView.swift */,
				F1A2E5EE2B1BDDB600D72AF6 /* GameView.swift */,
				F1A2E5F42B1BF86200D72AF6 /* Tile.swift */,
				F1A2E5C42B1BDB7800D72AF6 /* Assets.xcassets */,
				F1A2E5C62B1BDB7800D72AF6 /* Preview Content */,
			);
			path = "2048 2.0";
			sourceTree = "<group>";
		};
		F1A2E5C62B1BDB7800D72AF6 /* Preview Content */ = {
			isa = PBXGroup;
			children = (
				F1A2E5C72B1BDB7800D72AF6 /* Preview Assets.xcassets */,
			);
			path = "Preview Content";
			sourceTree = "<group>";
		};
		F1A2E5D02B1BDB7800D72AF6 /* 2048 2.0Tests */ = {
			isa = PBXGroup;
			children = (
				F1A2E5D12B1BDB7800D72AF6 /* _048_2_0Tests.swift */,
			);
			path = "2048 2.0Tests";
			sourceTree = "<group>";
		};
		F1A2E5DA2B1BDB7800D72AF6 /* 2048 2.0UITests */ = {
			isa = PBXGroup;
			children = (
				F1A2E5DB2B1BDB7800D72AF6 /* _048_2_0UITests.swift */,
				F1A2E5DD2B1BDB7800D72AF6 /* _048_2_0UITestsLaunchTests.swift */,
			);
			path = "2048 2.0UITests";
			sourceTree = "<group>";
		};
/* End PBXGroup section */

/* Begin PBXNativeTarget section */
		F1A2E5BC2B1BDB7600D72AF6 /* 2048 2.0 */ = {
			isa = PBXNativeTarget;
			buildConfigurationList = F1A2E5E12B1BDB7800D72AF6 /* Build configuration list for PBXNativeTarget "2048 2.0" */;
			buildPhases = (
				F1A2E5B92B1BDB7600D72AF6 /* Sources */,
				F1A2E5BA2B1BDB7600D72AF6 /* Frameworks */,
				F1A2E5BB2B1BDB7600D72AF6 /* Resources */,
			);
			buildRules = (
			);
			dependencies = (
			);
			name = "2048 2.0";
			productName = "2048 2.0";
			productReference = F1A2E5BD2B1BDB7600D72AF6 /* 2048 2.0.app */;
			productType = "com.apple.product-type.application";
		};
		F1A2E5CC2B1BDB7800D72AF6 /* 2048 2.0Tests */ = {
			isa = PBXNativeTarget;
			buildConfigurationList = F1A2E5E42B1BDB7800D72AF6 /* Build configuration list for PBXNativeTarget "2048 2.0Tests" */;
			buildPhases = (
				F1A2E5C92B1BDB7800D72AF6 /* Sources */,
				F1A2E5CA2B1BDB7800D72AF6 /* Frameworks */,
				F1A2E5CB2B1BDB7800D72AF6 /* Resources */,
			);
			buildRules = (
			);
			dependencies = (
				F1A2E5CF2B1BDB7800D72AF6 /* PBXTargetDependency */,
			);
			name = "2048 2.0Tests";
			productName = "2048 2.0Tests";
			productReference = F1A2E5CD2B1BDB7800D72AF6 /* 2048 2.0Tests.xctest */;
			productType = "com.apple.product-type.bundle.unit-test";
		};
		F1A2E5D62B1BDB7800D72AF6 /* 2048 2.0UITests */ = {
			isa = PBXNativeTarget;
			buildConfigurationList = F1A2E5E72B1BDB7800D72AF6 /* Build configuration list for PBXNativeTarget "2048 2.0UITests" */;
			buildPhases = (
				F1A2E5D32B1BDB7800D72AF6 /* Sources */,
				F1A2E5D42B1BDB7800D72AF6 /* Frameworks */,
				F1A2E5D52B1BDB7800D72AF6 /* Resources */,
			);
			buildRules = (
			);
			dependencies = (
				F1A2E5D92B1BDB7800D72AF6 /* PBXTargetDependency */,
			);
			name = "2048 2.0UITests";
			productName = "2048 2.0UITests";
			productReference = F1A2E5D72B1BDB7800D72AF6 /* 2048 2.0UITests.xctest */;
			productType = "com.apple.product-type.bundle.ui-testing";
		};
/* End PBXNativeTarget section */

/* Begin PBXProject section */
		F1A2E5B52B1BDB7600D72AF6 /* Project object */ = {
			isa = PBXProject;
			attributes = {
				BuildIndependentTargetsInParallel = YES;
				LastSwiftUpdateCheck = 1430;
				LastUpgradeCheck = 1500;
				TargetAttributes = {
					F1A2E5BC2B1BDB7600D72AF6 = {
						CreatedOnToolsVersion = 14.3.1;
					};
					F1A2E5CC2B1BDB7800D72AF6 = {
						CreatedOnToolsVersion = 14.3.1;
						TestTargetID = F1A2E5BC2B1BDB7600D72AF6;
					};
					F1A2E5D62B1BDB7800D72AF6 = {
						CreatedOnToolsVersion = 14.3.1;
						TestTargetID = F1A2E5BC2B1BDB7600D72AF6;
					};
				};
			};
			buildConfigurationList = F1A2E5B82B1BDB7600D72AF6 /* Build configuration list for PBXProject "2048 2.0" */;
			compatibilityVersion = "Xcode 14.0";
			developmentRegion = en;
			hasScannedForEncodings = 0;
			knownRegions = (
				en,
				Base,
			);
			mainGroup = F1A2E5B42B1BDB7600D72AF6;
			productRefGroup = F1A2E5BE2B1BDB7600D72AF6 /* Products */;
			projectDirPath = "";
			projectRoot = "";
			targets = (
				F1A2E5BC2B1BDB7600D72AF6 /* 2048 2.0 */,
				F1A2E5CC2B1BDB7800D72AF6 /* 2048 2.0Tests */,
				F1A2E5D62B1BDB7800D72AF6 /* 2048 2.0UITests */,
			);
		};
/* End PBXProject section */

/* Begin PBXResourcesBuildPhase section */
		F1A2E5BB2B1BDB7600D72AF6 /* Resources */ = {
			isa = PBXResourcesBuildPhase;
			buildActionMask = 2147483647;
			files = (
				F1A2E5C82B1BDB7800D72AF6 /* Preview Assets.xcassets in Resources */,
				F1A2E5C52B1BDB7800D72AF6 /* Assets.xcassets in Resources */,
			);
			runOnlyForDeploymentPostprocessing = 0;
		};
		F1A2E5CB2B1BDB7800D72AF6 /* Resources */ = {
			isa = PBXResourcesBuildPhase;
			buildActionMask = 2147483647;
			files = (
			);
			runOnlyForDeploymentPostprocessing = 0;
		};
		F1A2E5D52B1BDB7800D72AF6 /* Resources */ = {
			isa = PBXResourcesBuildPhase;
			buildActionMask = 2147483647;
			files = (
			);
			runOnlyForDeploymentPostprocessing = 0;
		};
/* End PBXResourcesBuildPhase section */

/* Begin PBXSourcesBuildPhase section */
		F1A2E5B92B1BDB7600D72AF6 /* Sources */ = {
			isa = PBXSourcesBuildPhase;
			buildActionMask = 2147483647;
			files = (
				F1C840C72B205BA40002D868 /* GameOverView.swift in Sources */,
				F1A2E5F32B1BE6B500D72AF6 /* GameViewModel.swift in Sources */,
				F1A2E5F12B1BE67A00D72AF6 /* GameModel.swift in Sources */,
				6D64957B2B1C0C64004CA4B7 /* Side.swift in Sources */,
				F1A2E5ED2B1BDD8E00D72AF6 /* MainMenuView.swift in Sources */,
				F1A2E5F52B1BF86300D72AF6 /* Tile.swift in Sources */,
				F1A2E5C32B1BDB7600D72AF6 /* ContentView.swift in Sources */,
				F1A2E5EF2B1BDDB600D72AF6 /* GameView.swift in Sources */,
				6D6495792B1C0BF9004CA4B7 /* Board.swift in Sources */,
				F1A2E5C12B1BDB7600D72AF6 /* _048_2_0App.swift in Sources */,
			);
			runOnlyForDeploymentPostprocessing = 0;
		};
		F1A2E5C92B1BDB7800D72AF6 /* Sources */ = {
			isa = PBXSourcesBuildPhase;
			buildActionMask = 2147483647;
			files = (
				F1A2E5D22B1BDB7800D72AF6 /* _048_2_0Tests.swift in Sources */,
			);
			runOnlyForDeploymentPostprocessing = 0;
		};
		F1A2E5D32B1BDB7800D72AF6 /* Sources */ = {
			isa = PBXSourcesBuildPhase;
			buildActionMask = 2147483647;
			files = (
				F1A2E5DE2B1BDB7800D72AF6 /* _048_2_0UITestsLaunchTests.swift in Sources */,
				F1A2E5DC2B1BDB7800D72AF6 /* _048_2_0UITests.swift in Sources */,
			);
			runOnlyForDeploymentPostprocessing = 0;
		};
/* End PBXSourcesBuildPhase section */

/* Begin PBXTargetDependency section */
		F1A2E5CF2B1BDB7800D72AF6 /* PBXTargetDependency */ = {
			isa = PBXTargetDependency;
			target = F1A2E5BC2B1BDB7600D72AF6 /* 2048 2.0 */;
			targetProxy = F1A2E5CE2B1BDB7800D72AF6 /* PBXContainerItemProxy */;
		};
		F1A2E5D92B1BDB7800D72AF6 /* PBXTargetDependency */ = {
			isa = PBXTargetDependency;
			target = F1A2E5BC2B1BDB7600D72AF6 /* 2048 2.0 */;
			targetProxy = F1A2E5D82B1BDB7800D72AF6 /* PBXContainerItemProxy */;
		};
/* End PBXTargetDependency section */

/* Begin XCBuildConfiguration section */
		F1A2E5DF2B1BDB7800D72AF6 /* Debug */ = {
			isa = XCBuildConfiguration;
			buildSettings = {
				ALWAYS_SEARCH_USER_PATHS = NO;
				CLANG_ANALYZER_NONNULL = YES;
				CLANG_ANALYZER_NUMBER_OBJECT_CONVERSION = YES_AGGRESSIVE;
				CLANG_CXX_LANGUAGE_STANDARD = "gnu++20";
				CLANG_ENABLE_MODULES = YES;
				CLANG_ENABLE_OBJC_ARC = YES;
				CLANG_ENABLE_OBJC_WEAK = YES;
				CLANG_WARN_BLOCK_CAPTURE_AUTORELEASING = YES;
				CLANG_WARN_BOOL_CONVERSION = YES;
				CLANG_WARN_COMMA = YES;
				CLANG_WARN_CONSTANT_CONVERSION = YES;
				CLANG_WARN_DEPRECATED_OBJC_IMPLEMENTATIONS = YES;
				CLANG_WARN_DIRECT_OBJC_ISA_USAGE = YES_ERROR;
				CLANG_WARN_DOCUMENTATION_COMMENTS = YES;
				CLANG_WARN_EMPTY_BODY = YES;
				CLANG_WARN_ENUM_CONVERSION = YES;
				CLANG_WARN_INFINITE_RECURSION = YES;
				CLANG_WARN_INT_CONVERSION = YES;
				CLANG_WARN_NON_LITERAL_NULL_CONVERSION = YES;
				CLANG_WARN_OBJC_IMPLICIT_RETAIN_SELF = YES;
				CLANG_WARN_OBJC_LITERAL_CONVERSION = YES;
				CLANG_WARN_OBJC_ROOT_CLASS = YES_ERROR;
				CLANG_WARN_QUOTED_INCLUDE_IN_FRAMEWORK_HEADER = YES;
				CLANG_WARN_RANGE_LOOP_ANALYSIS = YES;
				CLANG_WARN_STRICT_PROTOTYPES = YES;
				CLANG_WARN_SUSPICIOUS_MOVE = YES;
				CLANG_WARN_UNGUARDED_AVAILABILITY = YES_AGGRESSIVE;
				CLANG_WARN_UNREACHABLE_CODE = YES;
				CLANG_WARN__DUPLICATE_METHOD_MATCH = YES;
				COPY_PHASE_STRIP = NO;
				DEBUG_INFORMATION_FORMAT = dwarf;
				ENABLE_STRICT_OBJC_MSGSEND = YES;
				ENABLE_TESTABILITY = YES;
				ENABLE_USER_SCRIPT_SANDBOXING = YES;
				GCC_C_LANGUAGE_STANDARD = gnu11;
				GCC_DYNAMIC_NO_PIC = NO;
				GCC_NO_COMMON_BLOCKS = YES;
				GCC_OPTIMIZATION_LEVEL = 0;
				GCC_PREPROCESSOR_DEFINITIONS = (
					"DEBUG=1",
					"$(inherited)",
				);
				GCC_WARN_64_TO_32_BIT_CONVERSION = YES;
				GCC_WARN_ABOUT_RETURN_TYPE = YES_ERROR;
				GCC_WARN_UNDECLARED_SELECTOR = YES;
				GCC_WARN_UNINITIALIZED_AUTOS = YES_AGGRESSIVE;
				GCC_WARN_UNUSED_FUNCTION = YES;
				GCC_WARN_UNUSED_VARIABLE = YES;
				IPHONEOS_DEPLOYMENT_TARGET = 16.4;
				MTL_ENABLE_DEBUG_INFO = INCLUDE_SOURCE;
				MTL_FAST_MATH = YES;
				ONLY_ACTIVE_ARCH = YES;
				SDKROOT = iphoneos;
				SWIFT_ACTIVE_COMPILATION_CONDITIONS = DEBUG;
				SWIFT_OPTIMIZATION_LEVEL = "-Onone";
			};
			name = Debug;
		};
		F1A2E5E02B1BDB7800D72AF6 /* Release */ = {
			isa = XCBuildConfiguration;
			buildSettings = {
				ALWAYS_SEARCH_USER_PATHS = NO;
				CLANG_ANALYZER_NONNULL = YES;
				CLANG_ANALYZER_NUMBER_OBJECT_CONVERSION = YES_AGGRESSIVE;
				CLANG_CXX_LANGUAGE_STANDARD = "gnu++20";
				CLANG_ENABLE_MODULES = YES;
				CLANG_ENABLE_OBJC_ARC = YES;
				CLANG_ENABLE_OBJC_WEAK = YES;
				CLANG_WARN_BLOCK_CAPTURE_AUTORELEASING = YES;
				CLANG_WARN_BOOL_CONVERSION = YES;
				CLANG_WARN_COMMA = YES;
				CLANG_WARN_CONSTANT_CONVERSION = YES;
				CLANG_WARN_DEPRECATED_OBJC_IMPLEMENTATIONS = YES;
				CLANG_WARN_DIRECT_OBJC_ISA_USAGE = YES_ERROR;
				CLANG_WARN_DOCUMENTATION_COMMENTS = YES;
				CLANG_WARN_EMPTY_BODY = YES;
				CLANG_WARN_ENUM_CONVERSION = YES;
				CLANG_WARN_INFINITE_RECURSION = YES;
				CLANG_WARN_INT_CONVERSION = YES;
				CLANG_WARN_NON_LITERAL_NULL_CONVERSION = YES;
				CLANG_WARN_OBJC_IMPLICIT_RETAIN_SELF = YES;
				CLANG_WARN_OBJC_LITERAL_CONVERSION = YES;
				CLANG_WARN_OBJC_ROOT_CLASS = YES_ERROR;
				CLANG_WARN_QUOTED_INCLUDE_IN_FRAMEWORK_HEADER = YES;
				CLANG_WARN_RANGE_LOOP_ANALYSIS = YES;
				CLANG_WARN_STRICT_PROTOTYPES = YES;
				CLANG_WARN_SUSPICIOUS_MOVE = YES;
				CLANG_WARN_UNGUARDED_AVAILABILITY = YES_AGGRESSIVE;
				CLANG_WARN_UNREACHABLE_CODE = YES;
				CLANG_WARN__DUPLICATE_METHOD_MATCH = YES;
				COPY_PHASE_STRIP = NO;
				DEBUG_INFORMATION_FORMAT = "dwarf-with-dsym";
				ENABLE_NS_ASSERTIONS = NO;
				ENABLE_STRICT_OBJC_MSGSEND = YES;
				ENABLE_USER_SCRIPT_SANDBOXING = YES;
				GCC_C_LANGUAGE_STANDARD = gnu11;
				GCC_NO_COMMON_BLOCKS = YES;
				GCC_WARN_64_TO_32_BIT_CONVERSION = YES;
				GCC_WARN_ABOUT_RETURN_TYPE = YES_ERROR;
				GCC_WARN_UNDECLARED_SELECTOR = YES;
				GCC_WARN_UNINITIALIZED_AUTOS = YES_AGGRESSIVE;
				GCC_WARN_UNUSED_FUNCTION = YES;
				GCC_WARN_UNUSED_VARIABLE = YES;
				IPHONEOS_DEPLOYMENT_TARGET = 16.4;
				MTL_ENABLE_DEBUG_INFO = NO;
				MTL_FAST_MATH = YES;
				SDKROOT = iphoneos;
				SWIFT_COMPILATION_MODE = wholemodule;
				SWIFT_OPTIMIZATION_LEVEL = "-O";
				VALIDATE_PRODUCT = YES;
			};
			name = Release;
		};
		F1A2E5E22B1BDB7800D72AF6 /* Debug */ = {
			isa = XCBuildConfiguration;
			buildSettings = {
				ASSETCATALOG_COMPILER_APPICON_NAME = AppIcon;
				ASSETCATALOG_COMPILER_GLOBAL_ACCENT_COLOR_NAME = AccentColor;
				CODE_SIGN_STYLE = Automatic;
				CURRENT_PROJECT_VERSION = 1;
				DEVELOPMENT_ASSET_PATHS = "\"2048 2.0/Preview Content\"";
				ENABLE_PREVIEWS = YES;
				GENERATE_INFOPLIST_FILE = YES;
				INFOPLIST_KEY_UIApplicationSceneManifest_Generation = YES;
				INFOPLIST_KEY_UIApplicationSupportsIndirectInputEvents = YES;
				INFOPLIST_KEY_UILaunchScreen_Generation = YES;
				INFOPLIST_KEY_UISupportedInterfaceOrientations_iPad = "UIInterfaceOrientationPortrait UIInterfaceOrientationPortraitUpsideDown UIInterfaceOrientationLandscapeLeft UIInterfaceOrientationLandscapeRight";
				INFOPLIST_KEY_UISupportedInterfaceOrientations_iPhone = "UIInterfaceOrientationPortrait UIInterfaceOrientationLandscapeLeft UIInterfaceOrientationLandscapeRight";
				LD_RUNPATH_SEARCH_PATHS = (
					"$(inherited)",
					"@executable_path/Frameworks",
				);
				MARKETING_VERSION = 1.0;
				PRODUCT_BUNDLE_IDENTIFIER = "berkeley.edu.-048-2-0";
				PRODUCT_NAME = "$(TARGET_NAME)";
				SWIFT_EMIT_LOC_STRINGS = YES;
				SWIFT_VERSION = 5.0;
				TARGETED_DEVICE_FAMILY = "1,2";
			};
			name = Debug;
		};
		F1A2E5E32B1BDB7800D72AF6 /* Release */ = {
			isa = XCBuildConfiguration;
			buildSettings = {
				ASSETCATALOG_COMPILER_APPICON_NAME = AppIcon;
				ASSETCATALOG_COMPILER_GLOBAL_ACCENT_COLOR_NAME = AccentColor;
				CODE_SIGN_STYLE = Automatic;
				CURRENT_PROJECT_VERSION = 1;
				DEVELOPMENT_ASSET_PATHS = "\"2048 2.0/Preview Content\"";
				ENABLE_PREVIEWS = YES;
				GENERATE_INFOPLIST_FILE = YES;
				INFOPLIST_KEY_UIApplicationSceneManifest_Generation = YES;
				INFOPLIST_KEY_UIApplicationSupportsIndirectInputEvents = YES;
				INFOPLIST_KEY_UILaunchScreen_Generation = YES;
				INFOPLIST_KEY_UISupportedInterfaceOrientations_iPad = "UIInterfaceOrientationPortrait UIInterfaceOrientationPortraitUpsideDown UIInterfaceOrientationLandscapeLeft UIInterfaceOrientationLandscapeRight";
				INFOPLIST_KEY_UISupportedInterfaceOrientations_iPhone = "UIInterfaceOrientationPortrait UIInterfaceOrientationLandscapeLeft UIInterfaceOrientationLandscapeRight";
				LD_RUNPATH_SEARCH_PATHS = (
					"$(inherited)",
					"@executable_path/Frameworks",
				);
				MARKETING_VERSION = 1.0;
				PRODUCT_BUNDLE_IDENTIFIER = "berkeley.edu.-048-2-0";
				PRODUCT_NAME = "$(TARGET_NAME)";
				SWIFT_EMIT_LOC_STRINGS = YES;
				SWIFT_VERSION = 5.0;
				TARGETED_DEVICE_FAMILY = "1,2";
			};
			name = Release;
		};
		F1A2E5E52B1BDB7800D72AF6 /* Debug */ = {
			isa = XCBuildConfiguration;
			buildSettings = {
				ALWAYS_EMBED_SWIFT_STANDARD_LIBRARIES = YES;
				BUNDLE_LOADER = "$(TEST_HOST)";
				CODE_SIGN_STYLE = Automatic;
				CURRENT_PROJECT_VERSION = 1;
				GENERATE_INFOPLIST_FILE = YES;
				IPHONEOS_DEPLOYMENT_TARGET = 16.4;
				MARKETING_VERSION = 1.0;
				PRODUCT_BUNDLE_IDENTIFIER = "berkeley.edu.-048-2-0Tests";
				PRODUCT_NAME = "$(TARGET_NAME)";
				SWIFT_EMIT_LOC_STRINGS = NO;
				SWIFT_VERSION = 5.0;
				TARGETED_DEVICE_FAMILY = "1,2";
				TEST_HOST = "$(BUILT_PRODUCTS_DIR)/2048 2.0.app/$(BUNDLE_EXECUTABLE_FOLDER_PATH)/2048 2.0";
			};
			name = Debug;
		};
		F1A2E5E62B1BDB7800D72AF6 /* Release */ = {
			isa = XCBuildConfiguration;
			buildSettings = {
				ALWAYS_EMBED_SWIFT_STANDARD_LIBRARIES = YES;
				BUNDLE_LOADER = "$(TEST_HOST)";
				CODE_SIGN_STYLE = Automatic;
				CURRENT_PROJECT_VERSION = 1;
				GENERATE_INFOPLIST_FILE = YES;
				IPHONEOS_DEPLOYMENT_TARGET = 16.4;
				MARKETING_VERSION = 1.0;
				PRODUCT_BUNDLE_IDENTIFIER = "berkeley.edu.-048-2-0Tests";
				PRODUCT_NAME = "$(TARGET_NAME)";
				SWIFT_EMIT_LOC_STRINGS = NO;
				SWIFT_VERSION = 5.0;
				TARGETED_DEVICE_FAMILY = "1,2";
				TEST_HOST = "$(BUILT_PRODUCTS_DIR)/2048 2.0.app/$(BUNDLE_EXECUTABLE_FOLDER_PATH)/2048 2.0";
			};
			name = Release;
		};
		F1A2E5E82B1BDB7800D72AF6 /* Debug */ = {
			isa = XCBuildConfiguration;
			buildSettings = {
				ALWAYS_EMBED_SWIFT_STANDARD_LIBRARIES = YES;
				CODE_SIGN_STYLE = Automatic;
				CURRENT_PROJECT_VERSION = 1;
				GENERATE_INFOPLIST_FILE = YES;
				MARKETING_VERSION = 1.0;
				PRODUCT_BUNDLE_IDENTIFIER = "berkeley.edu.-048-2-0UITests";
				PRODUCT_NAME = "$(TARGET_NAME)";
				SWIFT_EMIT_LOC_STRINGS = NO;
				SWIFT_VERSION = 5.0;
				TARGETED_DEVICE_FAMILY = "1,2";
				TEST_TARGET_NAME = "2048 2.0";
			};
			name = Debug;
		};
		F1A2E5E92B1BDB7800D72AF6 /* Release */ = {
			isa = XCBuildConfiguration;
			buildSettings = {
				ALWAYS_EMBED_SWIFT_STANDARD_LIBRARIES = YES;
				CODE_SIGN_STYLE = Automatic;
				CURRENT_PROJECT_VERSION = 1;
				GENERATE_INFOPLIST_FILE = YES;
				MARKETING_VERSION = 1.0;
				PRODUCT_BUNDLE_IDENTIFIER = "berkeley.edu.-048-2-0UITests";
				PRODUCT_NAME = "$(TARGET_NAME)";
				SWIFT_EMIT_LOC_STRINGS = NO;
				SWIFT_VERSION = 5.0;
				TARGETED_DEVICE_FAMILY = "1,2";
				TEST_TARGET_NAME = "2048 2.0";
			};
			name = Release;
		};
/* End XCBuildConfiguration section */

/* Begin XCConfigurationList section */
		F1A2E5B82B1BDB7600D72AF6 /* Build configuration list for PBXProject "2048 2.0" */ = {
			isa = XCConfigurationList;
			buildConfigurations = (
				F1A2E5DF2B1BDB7800D72AF6 /* Debug */,
				F1A2E5E02B1BDB7800D72AF6 /* Release */,
			);
			defaultConfigurationIsVisible = 0;
			defaultConfigurationName = Release;
		};
		F1A2E5E12B1BDB7800D72AF6 /* Build configuration list for PBXNativeTarget "2048 2.0" */ = {
			isa = XCConfigurationList;
			buildConfigurations = (
				F1A2E5E22B1BDB7800D72AF6 /* Debug */,
				F1A2E5E32B1BDB7800D72AF6 /* Release */,
			);
			defaultConfigurationIsVisible = 0;
			defaultConfigurationName = Release;
		};
		F1A2E5E42B1BDB7800D72AF6 /* Build configuration list for PBXNativeTarget "2048 2.0Tests" */ = {
			isa = XCConfigurationList;
			buildConfigurations = (
				F1A2E5E52B1BDB7800D72AF6 /* Debug */,
				F1A2E5E62B1BDB7800D72AF6 /* Release */,
			);
			defaultConfigurationIsVisible = 0;
			defaultConfigurationName = Release;
		};
		F1A2E5E72B1BDB7800D72AF6 /* Build configuration list for PBXNativeTarget "2048 2.0UITests" */ = {
			isa = XCConfigurationList;
			buildConfigurations = (
				F1A2E5E82B1BDB7800D72AF6 /* Debug */,
				F1A2E5E92B1BDB7800D72AF6 /* Release */,
			);
			defaultConfigurationIsVisible = 0;
			defaultConfigurationName = Release;
		};
/* End XCConfigurationList section */
	};
	rootObject = F1A2E5B52B1BDB7600D72AF6 /* Project object */;
}
